
Microsoft Visual Studio Solution File, Format Version 12.00
# Visual Studio Version 17
VisualStudioVersion = 17.7.34031.279
MinimumVisualStudioVersion = 10.0.40219.1
Project("{FAE04EC0-301F-11D3-BF4B-00C04F79EFBC}") = "Camiones", "Camiones.csproj", "{C90E61FF-40F0-405B-AADF-2DF38BAFECBD}"
EndProject
Global
	GlobalSection(SolutionConfigurationPlatforms) = preSolution
		Debug|Any CPU = Debug|Any CPU
		Release|Any CPU = Release|Any CPU
	EndGlobalSection
	GlobalSection(ProjectConfigurationPlatforms) = postSolution
		{C90E61FF-40F0-405B-AADF-2DF38BAFECBD}.Debug|Any CPU.ActiveCfg = Debug|Any CPU
		{C90E61FF-40F0-405B-AADF-2DF38BAFECBD}.Debug|Any CPU.Build.0 = Debug|Any CPU
		{C90E61FF-40F0-405B-AADF-2DF38BAFECBD}.Release|Any CPU.ActiveCfg = Release|Any CPU
		{C90E61FF-40F0-405B-AADF-2DF38BAFECBD}.Release|Any CPU.Build.0 = Release|Any CPU
	EndGlobalSection
	GlobalSection(SolutionProperties) = preSolution
		HideSolutionNode = FALSE
	EndGlobalSection
	GlobalSection(ExtensibilityGlobals) = postSolution
		SolutionGuid = {A980D3CC-161E-4033-A5DE-2B14B55F9C7D}
	EndGlobalSection
EndGlobal
